
Microsoft Visual Studio Solution File, Format Version 12.00
# Visual Studio Version 17
VisualStudioVersion = 17.2.32422.2
MinimumVisualStudioVersion = 10.0.40219.1
Project("{9A19103F-16F7-4668-BE54-9A1E7A4F7556}") = "SampleEF", "SampleEF\SampleEF.csproj", "{132509C3-E008-4FFA-8E19-D29858798952}"
EndProject
Project("{9A19103F-16F7-4668-BE54-9A1E7A4F7556}") = "SampleEF.Domain", "SampleEF.Domain\SampleEF.Domain.csproj", "{B18992A1-2104-4D18-8B6A-A77D99CD5486}"
EndProject
Project("{9A19103F-16F7-4668-BE54-9A1E7A4F7556}") = "SampleEF.Data", "SampleEF.Data\SampleEF.Data.csproj", "{19943483-9E35-4660-86C5-230F44C07584}"
EndProject
Project("{9A19103F-16F7-4668-BE54-9A1E7A4F7556}") = "SampleEF.ConsoleUI", "SampleEF.ConsoleUI\SampleEF.ConsoleUI.csproj", "{D973C9DF-EE44-4003-8BA2-4376F576A673}"
EndProject
Project("{9A19103F-16F7-4668-BE54-9A1E7A4F7556}") = "ContohScaffold", "ContohScaffold\ContohScaffold.csproj", "{5BA2F6D8-5CE1-443F-A2B6-240620D01077}"
EndProject
Project("{FAE04EC0-301F-11D3-BF4B-00C04F79EFBC}") = "SampleEF.API", "SampleEF.API\SampleEF.API.csproj", "{EF6E7343-773E-45CF-BC83-6A7C076A301B}"
EndProject
Global
	GlobalSection(SolutionConfigurationPlatforms) = preSolution
		Debug|Any CPU = Debug|Any CPU
		Release|Any CPU = Release|Any CPU
	EndGlobalSection
	GlobalSection(ProjectConfigurationPlatforms) = postSolution
		{132509C3-E008-4FFA-8E19-D29858798952}.Debug|Any CPU.ActiveCfg = Debug|Any CPU
		{132509C3-E008-4FFA-8E19-D29858798952}.Debug|Any CPU.Build.0 = Debug|Any CPU
		{132509C3-E008-4FFA-8E19-D29858798952}.Release|Any CPU.ActiveCfg = Release|Any CPU
		{132509C3-E008-4FFA-8E19-D29858798952}.Release|Any CPU.Build.0 = Release|Any CPU
		{B18992A1-2104-4D18-8B6A-A77D99CD5486}.Debug|Any CPU.ActiveCfg = Debug|Any CPU
		{B18992A1-2104-4D18-8B6A-A77D99CD5486}.Debug|Any CPU.Build.0 = Debug|Any CPU
		{B18992A1-2104-4D18-8B6A-A77D99CD5486}.Release|Any CPU.ActiveCfg = Release|Any CPU
		{B18992A1-2104-4D18-8B6A-A77D99CD5486}.Release|Any CPU.Build.0 = Release|Any CPU
		{19943483-9E35-4660-86C5-230F44C07584}.Debug|Any CPU.ActiveCfg = Debug|Any CPU
		{19943483-9E35-4660-86C5-230F44C07584}.Debug|Any CPU.Build.0 = Debug|Any CPU
		{19943483-9E35-4660-86C5-230F44C07584}.Release|Any CPU.ActiveCfg = Release|Any CPU
		{19943483-9E35-4660-86C5-230F44C07584}.Release|Any CPU.Build.0 = Release|Any CPU
		{D973C9DF-EE44-4003-8BA2-4376F576A673}.Debug|Any CPU.ActiveCfg = Debug|Any CPU
		{D973C9DF-EE44-4003-8BA2-4376F576A673}.Debug|Any CPU.Build.0 = Debug|Any CPU
		{D973C9DF-EE44-4003-8BA2-4376F576A673}.Release|Any CPU.ActiveCfg = Release|Any CPU
		{D973C9DF-EE44-4003-8BA2-4376F576A673}.Release|Any CPU.Build.0 = Release|Any CPU
		{5BA2F6D8-5CE1-443F-A2B6-240620D01077}.Debug|Any CPU.ActiveCfg = Debug|Any CPU
		{5BA2F6D8-5CE1-443F-A2B6-240620D01077}.Debug|Any CPU.Build.0 = Debug|Any CPU
		{5BA2F6D8-5CE1-443F-A2B6-240620D01077}.Release|Any CPU.ActiveCfg = Release|Any CPU
		{5BA2F6D8-5CE1-443F-A2B6-240620D01077}.Release|Any CPU.Build.0 = Release|Any CPU
		{EF6E7343-773E-45CF-BC83-6A7C076A301B}.Debug|Any CPU.ActiveCfg = Debug|Any CPU
		{EF6E7343-773E-45CF-BC83-6A7C076A301B}.Debug|Any CPU.Build.0 = Debug|Any CPU
		{EF6E7343-773E-45CF-BC83-6A7C076A301B}.Release|Any CPU.ActiveCfg = Release|Any CPU
		{EF6E7343-773E-45CF-BC83-6A7C076A301B}.Release|Any CPU.Build.0 = Release|Any CPU
	EndGlobalSection
	GlobalSection(SolutionProperties) = preSolution
		HideSolutionNode = FALSE
	EndGlobalSection
	GlobalSection(ExtensibilityGlobals) = postSolution
		SolutionGuid = {2445F475-1B6B-4553-B651-78B1C8BE8111}
	EndGlobalSection
EndGlobal
